
Microsoft Visual Studio Solution File, Format Version 12.00
# Visual Studio 2012
Project("{FAE04EC0-301F-11D3-BF4B-00C04F79EFBC}") = "MvcApps", "MvcApps\MvcApps.csproj", "{79096D90-61AF-4B57-A2B2-7709135CD444}"
EndProject
Global
	GlobalSection(SolutionConfigurationPlatforms) = preSolution
		Debug|Any CPU = Debug|Any CPU
		Release|Any CPU = Release|Any CPU
	EndGlobalSection
	GlobalSection(ProjectConfigurationPlatforms) = postSolution
		{79096D90-61AF-4B57-A2B2-7709135CD444}.Debug|Any CPU.ActiveCfg = Debug|Any CPU
		{79096D90-61AF-4B57-A2B2-7709135CD444}.Debug|Any CPU.Build.0 = Debug|Any CPU
		{79096D90-61AF-4B57-A2B2-7709135CD444}.Release|Any CPU.ActiveCfg = Release|Any CPU
		{79096D90-61AF-4B57-A2B2-7709135CD444}.Release|Any CPU.Build.0 = Release|Any CPU
	EndGlobalSection
	GlobalSection(SolutionProperties) = preSolution
		HideSolutionNode = FALSE
	EndGlobalSection
EndGlobal
